
Microsoft Visual Studio Solution File, Format Version 12.00
# Visual Studio Version 17
VisualStudioVersion = 17.0.31903.59
MinimumVisualStudioVersion = 10.0.40219.1
Project("{9A19103F-16F7-4668-BE54-9A1E7A4F7556}") = "FunctionAppWithDockerfile", "FunctionAppWithDockerfile\FunctionAppWithDockerfile.csproj", "{1008F78D-7025-48EC-99F2-1CF9EFE27391}"
EndProject
Project("{9A19103F-16F7-4668-BE54-9A1E7A4F7556}") = "FunctionAppWithMSBuild", "FunctionAppWithMSBuild\FunctionAppWithMSBuild.csproj", "{D7251BD2-3B1F-470C-B14D-18C64ABA0189}"
EndProject
Global
	GlobalSection(SolutionConfigurationPlatforms) = preSolution
		Debug|Any CPU = Debug|Any CPU
		Release|Any CPU = Release|Any CPU
	EndGlobalSection
	GlobalSection(ProjectConfigurationPlatforms) = postSolution
		{1008F78D-7025-48EC-99F2-1CF9EFE27391}.Debug|Any CPU.ActiveCfg = Debug|Any CPU
		{1008F78D-7025-48EC-99F2-1CF9EFE27391}.Debug|Any CPU.Build.0 = Debug|Any CPU
		{1008F78D-7025-48EC-99F2-1CF9EFE27391}.Release|Any CPU.ActiveCfg = Release|Any CPU
		{1008F78D-7025-48EC-99F2-1CF9EFE27391}.Release|Any CPU.Build.0 = Release|Any CPU
		{D7251BD2-3B1F-470C-B14D-18C64ABA0189}.Debug|Any CPU.ActiveCfg = Debug|Any CPU
		{D7251BD2-3B1F-470C-B14D-18C64ABA0189}.Debug|Any CPU.Build.0 = Debug|Any CPU
		{D7251BD2-3B1F-470C-B14D-18C64ABA0189}.Release|Any CPU.ActiveCfg = Release|Any CPU
		{D7251BD2-3B1F-470C-B14D-18C64ABA0189}.Release|Any CPU.Build.0 = Release|Any CPU
	EndGlobalSection
	GlobalSection(SolutionProperties) = preSolution
		HideSolutionNode = FALSE
	EndGlobalSection
EndGlobal
